
Microsoft Visual Studio Solution File, Format Version 12.00
# Visual Studio Version 16
VisualStudioVersion = 16.0.29215.179
MinimumVisualStudioVersion = 10.0.40219.1
Project("{9A19103F-16F7-4668-BE54-9A1E7A4F7556}") = "Catan", "Catan\Catan.csproj", "{2C55074C-CC1C-47F9-AC74-7A4D15FEE591}"
EndProject
Project("{9A19103F-16F7-4668-BE54-9A1E7A4F7556}") = "Logic", "Logic\Logic.csproj", "{0C175A02-719F-42D8-985D-2F8A242B793C}"
EndProject
Project("{9A19103F-16F7-4668-BE54-9A1E7A4F7556}") = "DAO", "DAO\DAO.csproj", "{0FDD5205-7D54-4CE1-B4F3-911FE3E10C5B}"
EndProject
Project("{9A19103F-16F7-4668-BE54-9A1E7A4F7556}") = "Models", "Models\Models.csproj", "{F5A04AEC-27E5-4968-8A47-BFF8739C0A11}"
EndProject
Project("{9A19103F-16F7-4668-BE54-9A1E7A4F7556}") = "Interfaces", "Interfaces\Interfaces.csproj", "{F32EA04E-08FF-49BA-9A50-C340E9A85114}"
EndProject
Global
	GlobalSection(SolutionConfigurationPlatforms) = preSolution
		Debug|Any CPU = Debug|Any CPU
		Release|Any CPU = Release|Any CPU
	EndGlobalSection
	GlobalSection(ProjectConfigurationPlatforms) = postSolution
		{2C55074C-CC1C-47F9-AC74-7A4D15FEE591}.Debug|Any CPU.ActiveCfg = Debug|Any CPU
		{2C55074C-CC1C-47F9-AC74-7A4D15FEE591}.Debug|Any CPU.Build.0 = Debug|Any CPU
		{2C55074C-CC1C-47F9-AC74-7A4D15FEE591}.Release|Any CPU.ActiveCfg = Release|Any CPU
		{2C55074C-CC1C-47F9-AC74-7A4D15FEE591}.Release|Any CPU.Build.0 = Release|Any CPU
		{0C175A02-719F-42D8-985D-2F8A242B793C}.Debug|Any CPU.ActiveCfg = Debug|Any CPU
		{0C175A02-719F-42D8-985D-2F8A242B793C}.Debug|Any CPU.Build.0 = Debug|Any CPU
		{0C175A02-719F-42D8-985D-2F8A242B793C}.Release|Any CPU.ActiveCfg = Release|Any CPU
		{0C175A02-719F-42D8-985D-2F8A242B793C}.Release|Any CPU.Build.0 = Release|Any CPU
		{0FDD5205-7D54-4CE1-B4F3-911FE3E10C5B}.Debug|Any CPU.ActiveCfg = Debug|Any CPU
		{0FDD5205-7D54-4CE1-B4F3-911FE3E10C5B}.Debug|Any CPU.Build.0 = Debug|Any CPU
		{0FDD5205-7D54-4CE1-B4F3-911FE3E10C5B}.Release|Any CPU.ActiveCfg = Release|Any CPU
		{0FDD5205-7D54-4CE1-B4F3-911FE3E10C5B}.Release|Any CPU.Build.0 = Release|Any CPU
		{F5A04AEC-27E5-4968-8A47-BFF8739C0A11}.Debug|Any CPU.ActiveCfg = Debug|Any CPU
		{F5A04AEC-27E5-4968-8A47-BFF8739C0A11}.Debug|Any CPU.Build.0 = Debug|Any CPU
		{F5A04AEC-27E5-4968-8A47-BFF8739C0A11}.Release|Any CPU.ActiveCfg = Release|Any CPU
		{F5A04AEC-27E5-4968-8A47-BFF8739C0A11}.Release|Any CPU.Build.0 = Release|Any CPU
		{F32EA04E-08FF-49BA-9A50-C340E9A85114}.Debug|Any CPU.ActiveCfg = Debug|Any CPU
		{F32EA04E-08FF-49BA-9A50-C340E9A85114}.Debug|Any CPU.Build.0 = Debug|Any CPU
		{F32EA04E-08FF-49BA-9A50-C340E9A85114}.Release|Any CPU.ActiveCfg = Release|Any CPU
		{F32EA04E-08FF-49BA-9A50-C340E9A85114}.Release|Any CPU.Build.0 = Release|Any CPU
	EndGlobalSection
	GlobalSection(SolutionProperties) = preSolution
		HideSolutionNode = FALSE
	EndGlobalSection
	GlobalSection(ExtensibilityGlobals) = postSolution
		SolutionGuid = {01022111-76EA-4ABD-97DC-A045C565DC6E}
	EndGlobalSection
EndGlobal
